// !$*UTF8*$!
{
	archiveVersion = 1;
	classes = {
	};
	objectVersion = 56;
	objects = {

/* Begin PBXBuildFile section */
		4D1459D92A9114D800383BDE /* APIManager.swift in Sources */ = {isa = PBXBuildFile; fileRef = 4D1459D82A9114D800383BDE /* APIManager.swift */; };
		4D3148462A8F9D8500AB11D3 /* CollectionCharactersCell.swift in Sources */ = {isa = PBXBuildFile; fileRef = 4D3148452A8F9D8500AB11D3 /* CollectionCharactersCell.swift */; };
		4D3148482A8FA2B900AB11D3 /* CharactersModelElement.swift in Sources */ = {isa = PBXBuildFile; fileRef = 4D3148472A8FA2B900AB11D3 /* CharactersModelElement.swift */; };
		4DBA52B12A8E746500080EEC /* AppDelegate.swift in Sources */ = {isa = PBXBuildFile; fileRef = 4DBA52B02A8E746500080EEC /* AppDelegate.swift */; };
		4DBA52B32A8E746500080EEC /* SceneDelegate.swift in Sources */ = {isa = PBXBuildFile; fileRef = 4DBA52B22A8E746500080EEC /* SceneDelegate.swift */; };
		4DBA52B52A8E746500080EEC /* ViewController.swift in Sources */ = {isa = PBXBuildFile; fileRef = 4DBA52B42A8E746500080EEC /* ViewController.swift */; };
		4DBA52B82A8E746500080EEC /* Main.storyboard in Resources */ = {isa = PBXBuildFile; fileRef = 4DBA52B62A8E746500080EEC /* Main.storyboard */; };
		4DBA52BA2A8E746500080EEC /* Assets.xcassets in Resources */ = {isa = PBXBuildFile; fileRef = 4DBA52B92A8E746500080EEC /* Assets.xcassets */; };
		4DBA52BD2A8E746500080EEC /* LaunchScreen.storyboard in Resources */ = {isa = PBXBuildFile; fileRef = 4DBA52BB2A8E746500080EEC /* LaunchScreen.storyboard */; };
		4DBA52C82A8E90F600080EEC /* DetailScreenInfoController.swift in Sources */ = {isa = PBXBuildFile; fileRef = 4DBA52C72A8E90F600080EEC /* DetailScreenInfoController.swift */; };
		4DBA52CA2A8E923A00080EEC /* ModelDetail.swift in Sources */ = {isa = PBXBuildFile; fileRef = 4DBA52C92A8E923A00080EEC /* ModelDetail.swift */; };
/* End PBXBuildFile section */

/* Begin PBXFileReference section */
		4D1459D82A9114D800383BDE /* APIManager.swift */ = {isa = PBXFileReference; lastKnownFileType = sourcecode.swift; path = APIManager.swift; sourceTree = "<group>"; };
		4D3148452A8F9D8500AB11D3 /* CollectionCharactersCell.swift */ = {isa = PBXFileReference; lastKnownFileType = sourcecode.swift; path = CollectionCharactersCell.swift; sourceTree = "<group>"; };
		4D3148472A8FA2B900AB11D3 /* CharactersModelElement.swift */ = {isa = PBXFileReference; lastKnownFileType = sourcecode.swift; path = CharactersModelElement.swift; sourceTree = "<group>"; };
		4DBA52AD2A8E746500080EEC /* RikAndMortyAPIUIKitSwiftUI.app */ = {isa = PBXFileReference; explicitFileType = wrapper.application; includeInIndex = 0; path = RikAndMortyAPIUIKitSwiftUI.app; sourceTree = BUILT_PRODUCTS_DIR; };
		4DBA52B02A8E746500080EEC /* AppDelegate.swift */ = {isa = PBXFileReference; lastKnownFileType = sourcecode.swift; path = AppDelegate.swift; sourceTree = "<group>"; };
		4DBA52B22A8E746500080EEC /* SceneDelegate.swift */ = {isa = PBXFileReference; lastKnownFileType = sourcecode.swift; path = SceneDelegate.swift; sourceTree = "<group>"; };
		4DBA52B42A8E746500080EEC /* ViewController.swift */ = {isa = PBXFileReference; lastKnownFileType = sourcecode.swift; path = ViewController.swift; sourceTree = "<group>"; };
		4DBA52B72A8E746500080EEC /* Base */ = {isa = PBXFileReference; lastKnownFileType = file.storyboard; name = Base; path = Base.lproj/Main.storyboard; sourceTree = "<group>"; };
		4DBA52B92A8E746500080EEC /* Assets.xcassets */ = {isa = PBXFileReference; lastKnownFileType = folder.assetcatalog; path = Assets.xcassets; sourceTree = "<group>"; };
		4DBA52BC2A8E746500080EEC /* Base */ = {isa = PBXFileReference; lastKnownFileType = file.storyboard; name = Base; path = Base.lproj/LaunchScreen.storyboard; sourceTree = "<group>"; };
		4DBA52BE2A8E746500080EEC /* Info.plist */ = {isa = PBXFileReference; lastKnownFileType = text.plist.xml; path = Info.plist; sourceTree = "<group>"; };
		4DBA52C72A8E90F600080EEC /* DetailScreenInfoController.swift */ = {isa = PBXFileReference; lastKnownFileType = sourcecode.swift; path = DetailScreenInfoController.swift; sourceTree = "<group>"; };
		4DBA52C92A8E923A00080EEC /* ModelDetail.swift */ = {isa = PBXFileReference; lastKnownFileType = sourcecode.swift; path = ModelDetail.swift; sourceTree = "<group>"; };
/* End PBXFileReference section */

/* Begin PBXFrameworksBuildPhase section */
		4DBA52AA2A8E746500080EEC /* Frameworks */ = {
			isa = PBXFrameworksBuildPhase;
			buildActionMask = 2147483647;
			files = (
			);
			runOnlyForDeploymentPostprocessing = 0;
		};
/* End PBXFrameworksBuildPhase section */

/* Begin PBXGroup section */
		4D3148422A8F9BC100AB11D3 /* Model */ = {
			isa = PBXGroup;
			children = (
				4D3148472A8FA2B900AB11D3 /* CharactersModelElement.swift */,
			);
			path = Model;
			sourceTree = "<group>";
		};
		4D3148432A8F9BDA00AB11D3 /* View */ = {
			isa = PBXGroup;
			children = (
				4D1459D82A9114D800383BDE /* APIManager.swift */,
				4D3148452A8F9D8500AB11D3 /* CollectionCharactersCell.swift */,
			);
			path = View;
			sourceTree = "<group>";
		};
		4D3148442A8F9BEA00AB11D3 /* Controller */ = {
			isa = PBXGroup;
			children = (
				4DBA52B42A8E746500080EEC /* ViewController.swift */,
			);
			path = Controller;
			sourceTree = "<group>";
		};
		4DBA52A42A8E746500080EEC = {
			isa = PBXGroup;
			children = (
				4DBA52AF2A8E746500080EEC /* RikAndMortyAPIUIKitSwiftUI */,
				4DBA52AE2A8E746500080EEC /* Products */,
			);
			sourceTree = "<group>";
		};
		4DBA52AE2A8E746500080EEC /* Products */ = {
			isa = PBXGroup;
			children = (
				4DBA52AD2A8E746500080EEC /* RikAndMortyAPIUIKitSwiftUI.app */,
			);
			name = Products;
			sourceTree = "<group>";
		};
		4DBA52AF2A8E746500080EEC /* RikAndMortyAPIUIKitSwiftUI */ = {
			isa = PBXGroup;
			children = (
				4D3148422A8F9BC100AB11D3 /* Model */,
				4D3148432A8F9BDA00AB11D3 /* View */,
				4D3148442A8F9BEA00AB11D3 /* Controller */,
				4DBA52C42A8E800000080EEC /* SwiftUI */,
				4DBA52B02A8E746500080EEC /* AppDelegate.swift */,
				4DBA52B22A8E746500080EEC /* SceneDelegate.swift */,
				4DBA52B62A8E746500080EEC /* Main.storyboard */,
				4DBA52B92A8E746500080EEC /* Assets.xcassets */,
				4DBA52BB2A8E746500080EEC /* LaunchScreen.storyboard */,
				4DBA52BE2A8E746500080EEC /* Info.plist */,
			);
			path = RikAndMortyAPIUIKitSwiftUI;
			sourceTree = "<group>";
		};
		4DBA52C42A8E800000080EEC /* SwiftUI */ = {
			isa = PBXGroup;
			children = (
				4DBA52C72A8E90F600080EEC /* DetailScreenInfoController.swift */,
				4DBA52C92A8E923A00080EEC /* ModelDetail.swift */,
			);
			path = SwiftUI;
			sourceTree = "<group>";
		};
/* End PBXGroup section */

/* Begin PBXNativeTarget section */
		4DBA52AC2A8E746500080EEC /* RikAndMortyAPIUIKitSwiftUI */ = {
			isa = PBXNativeTarget;
			buildConfigurationList = 4DBA52C12A8E746600080EEC /* Build configuration list for PBXNativeTarget "RikAndMortyAPIUIKitSwiftUI" */;
			buildPhases = (
				4DBA52A92A8E746500080EEC /* Sources */,
				4DBA52AA2A8E746500080EEC /* Frameworks */,
				4DBA52AB2A8E746500080EEC /* Resources */,
			);
			buildRules = (
			);
			dependencies = (
			);
			name = RikAndMortyAPIUIKitSwiftUI;
			productName = RikAndMortyAPIUIKitSwiftUI;
			productReference = 4DBA52AD2A8E746500080EEC /* RikAndMortyAPIUIKitSwiftUI.app */;
			productType = "com.apple.product-type.application";
		};
/* End PBXNativeTarget section */

/* Begin PBXProject section */
		4DBA52A52A8E746500080EEC /* Project object */ = {
			isa = PBXProject;
			attributes = {
				BuildIndependentTargetsInParallel = 1;
				LastSwiftUpdateCheck = 1430;
				LastUpgradeCheck = 1430;
				TargetAttributes = {
					4DBA52AC2A8E746500080EEC = {
						CreatedOnToolsVersion = 14.3;
					};
				};
			};
			buildConfigurationList = 4DBA52A82A8E746500080EEC /* Build configuration list for PBXProject "RikAndMortyAPIUIKitSwiftUI" */;
			compatibilityVersion = "Xcode 14.0";
			developmentRegion = en;
			hasScannedForEncodings = 0;
			knownRegions = (
				en,
				Base,
			);
			mainGroup = 4DBA52A42A8E746500080EEC;
			productRefGroup = 4DBA52AE2A8E746500080EEC /* Products */;
			projectDirPath = "";
			projectRoot = "";
			targets = (
				4DBA52AC2A8E746500080EEC /* RikAndMortyAPIUIKitSwiftUI */,
			);
		};
/* End PBXProject section */

/* Begin PBXResourcesBuildPhase section */
		4DBA52AB2A8E746500080EEC /* Resources */ = {
			isa = PBXResourcesBuildPhase;
			buildActionMask = 2147483647;
			files = (
				4DBA52BD2A8E746500080EEC /* LaunchScreen.storyboard in Resources */,
				4DBA52BA2A8E746500080EEC /* Assets.xcassets in Resources */,
				4DBA52B82A8E746500080EEC /* Main.storyboard in Resources */,
			);
			runOnlyForDeploymentPostprocessing = 0;
		};
/* End PBXResourcesBuildPhase section */

/* Begin PBXSourcesBuildPhase section */
		4DBA52A92A8E746500080EEC /* Sources */ = {
			isa = PBXSourcesBuildPhase;
			buildActionMask = 2147483647;
			files = (
				4D1459D92A9114D800383BDE /* APIManager.swift in Sources */,
				4DBA52C82A8E90F600080EEC /* DetailScreenInfoController.swift in Sources */,
				4DBA52B52A8E746500080EEC /* ViewController.swift in Sources */,
				4D3148482A8FA2B900AB11D3 /* CharactersModelElement.swift in Sources */,
				4DBA52B12A8E746500080EEC /* AppDelegate.swift in Sources */,
				4D3148462A8F9D8500AB11D3 /* CollectionCharactersCell.swift in Sources */,
				4DBA52CA2A8E923A00080EEC /* ModelDetail.swift in Sources */,
				4DBA52B32A8E746500080EEC /* SceneDelegate.swift in Sources */,
			);
			runOnlyForDeploymentPostprocessing = 0;
		};
/* End PBXSourcesBuildPhase section */

/* Begin PBXVariantGroup section */
		4DBA52B62A8E746500080EEC /* Main.storyboard */ = {
			isa = PBXVariantGroup;
			children = (
				4DBA52B72A8E746500080EEC /* Base */,
			);
			name = Main.storyboard;
			sourceTree = "<group>";
		};
		4DBA52BB2A8E746500080EEC /* LaunchScreen.storyboard */ = {
			isa = PBXVariantGroup;
			children = (
				4DBA52BC2A8E746500080EEC /* Base */,
			);
			name = LaunchScreen.storyboard;
			sourceTree = "<group>";
		};
/* End PBXVariantGroup section */

/* Begin XCBuildConfiguration section */
		4DBA52BF2A8E746500080EEC /* Debug */ = {
			isa = XCBuildConfiguration;
			buildSettings = {
				ALWAYS_SEARCH_USER_PATHS = NO;
				CLANG_ANALYZER_NONNULL = YES;
				CLANG_ANALYZER_NUMBER_OBJECT_CONVERSION = YES_AGGRESSIVE;
				CLANG_CXX_LANGUAGE_STANDARD = "gnu++20";
				CLANG_ENABLE_MODULES = YES;
				CLANG_ENABLE_OBJC_ARC = YES;
				CLANG_ENABLE_OBJC_WEAK = YES;
				CLANG_WARN_BLOCK_CAPTURE_AUTORELEASING = YES;
				CLANG_WARN_BOOL_CONVERSION = YES;
				CLANG_WARN_COMMA = YES;
				CLANG_WARN_CONSTANT_CONVERSION = YES;
				CLANG_WARN_DEPRECATED_OBJC_IMPLEMENTATIONS = YES;
				CLANG_WARN_DIRECT_OBJC_ISA_USAGE = YES_ERROR;
				CLANG_WARN_DOCUMENTATION_COMMENTS = YES;
				CLANG_WARN_EMPTY_BODY = YES;
				CLANG_WARN_ENUM_CONVERSION = YES;
				CLANG_WARN_INFINITE_RECURSION = YES;
				CLANG_WARN_INT_CONVERSION = YES;
				CLANG_WARN_NON_LITERAL_NULL_CONVERSION = YES;
				CLANG_WARN_OBJC_IMPLICIT_RETAIN_SELF = YES;
				CLANG_WARN_OBJC_LITERAL_CONVERSION = YES;
				CLANG_WARN_OBJC_ROOT_CLASS = YES_ERROR;
				CLANG_WARN_QUOTED_INCLUDE_IN_FRAMEWORK_HEADER = YES;
				CLANG_WARN_RANGE_LOOP_ANALYSIS = YES;
				CLANG_WARN_STRICT_PROTOTYPES = YES;
				CLANG_WARN_SUSPICIOUS_MOVE = YES;
				CLANG_WARN_UNGUARDED_AVAILABILITY = YES_AGGRESSIVE;
				CLANG_WARN_UNREACHABLE_CODE = YES;
				CLANG_WARN__DUPLICATE_METHOD_MATCH = YES;
				COPY_PHASE_STRIP = NO;
				DEBUG_INFORMATION_FORMAT = dwarf;
				ENABLE_STRICT_OBJC_MSGSEND = YES;
				ENABLE_TESTABILITY = YES;
				GCC_C_LANGUAGE_STANDARD = gnu11;
				GCC_DYNAMIC_NO_PIC = NO;
				GCC_NO_COMMON_BLOCKS = YES;
				GCC_OPTIMIZATION_LEVEL = 0;
				GCC_PREPROCESSOR_DEFINITIONS = (
					"DEBUG=1",
					"$(inherited)",
				);
				GCC_WARN_64_TO_32_BIT_CONVERSION = YES;
				GCC_WARN_ABOUT_RETURN_TYPE = YES_ERROR;
				GCC_WARN_UNDECLARED_SELECTOR = YES;
				GCC_WARN_UNINITIALIZED_AUTOS = YES_AGGRESSIVE;
				GCC_WARN_UNUSED_FUNCTION = YES;
				GCC_WARN_UNUSED_VARIABLE = YES;
				IPHONEOS_DEPLOYMENT_TARGET = 16.4;
				MTL_ENABLE_DEBUG_INFO = INCLUDE_SOURCE;
				MTL_FAST_MATH = YES;
				ONLY_ACTIVE_ARCH = YES;
				SDKROOT = iphoneos;
				SWIFT_ACTIVE_COMPILATION_CONDITIONS = DEBUG;
				SWIFT_OPTIMIZATION_LEVEL = "-Onone";
			};
			name = Debug;
		};
		4DBA52C02A8E746500080EEC /* Release */ = {
			isa = XCBuildConfiguration;
			buildSettings = {
				ALWAYS_SEARCH_USER_PATHS = NO;
				CLANG_ANALYZER_NONNULL = YES;
				CLANG_ANALYZER_NUMBER_OBJECT_CONVERSION = YES_AGGRESSIVE;
				CLANG_CXX_LANGUAGE_STANDARD = "gnu++20";
				CLANG_ENABLE_MODULES = YES;
				CLANG_ENABLE_OBJC_ARC = YES;
				CLANG_ENABLE_OBJC_WEAK = YES;
				CLANG_WARN_BLOCK_CAPTURE_AUTORELEASING = YES;
				CLANG_WARN_BOOL_CONVERSION = YES;
				CLANG_WARN_COMMA = YES;
				CLANG_WARN_CONSTANT_CONVERSION = YES;
				CLANG_WARN_DEPRECATED_OBJC_IMPLEMENTATIONS = YES;
				CLANG_WARN_DIRECT_OBJC_ISA_USAGE = YES_ERROR;
				CLANG_WARN_DOCUMENTATION_COMMENTS = YES;
				CLANG_WARN_EMPTY_BODY = YES;
				CLANG_WARN_ENUM_CONVERSION = YES;
				CLANG_WARN_INFINITE_RECURSION = YES;
				CLANG_WARN_INT_CONVERSION = YES;
				CLANG_WARN_NON_LITERAL_NULL_CONVERSION = YES;
				CLANG_WARN_OBJC_IMPLICIT_RETAIN_SELF = YES;
				CLANG_WARN_OBJC_LITERAL_CONVERSION = YES;
				CLANG_WARN_OBJC_ROOT_CLASS = YES_ERROR;
				CLANG_WARN_QUOTED_INCLUDE_IN_FRAMEWORK_HEADER = YES;
				CLANG_WARN_RANGE_LOOP_ANALYSIS = YES;
				CLANG_WARN_STRICT_PROTOTYPES = YES;
				CLANG_WARN_SUSPICIOUS_MOVE = YES;
				CLANG_WARN_UNGUARDED_AVAILABILITY = YES_AGGRESSIVE;
				CLANG_WARN_UNREACHABLE_CODE = YES;
				CLANG_WARN__DUPLICATE_METHOD_MATCH = YES;
				COPY_PHASE_STRIP = NO;
				DEBUG_INFORMATION_FORMAT = "dwarf-with-dsym";
				ENABLE_NS_ASSERTIONS = NO;
				ENABLE_STRICT_OBJC_MSGSEND = YES;
				GCC_C_LANGUAGE_STANDARD = gnu11;
				GCC_NO_COMMON_BLOCKS = YES;
				GCC_WARN_64_TO_32_BIT_CONVERSION = YES;
				GCC_WARN_ABOUT_RETURN_TYPE = YES_ERROR;
				GCC_WARN_UNDECLARED_SELECTOR = YES;
				GCC_WARN_UNINITIALIZED_AUTOS = YES_AGGRESSIVE;
				GCC_WARN_UNUSED_FUNCTION = YES;
				GCC_WARN_UNUSED_VARIABLE = YES;
				IPHONEOS_DEPLOYMENT_TARGET = 16.4;
				MTL_ENABLE_DEBUG_INFO = NO;
				MTL_FAST_MATH = YES;
				SDKROOT = iphoneos;
				SWIFT_COMPILATION_MODE = wholemodule;
				SWIFT_OPTIMIZATION_LEVEL = "-O";
				VALIDATE_PRODUCT = YES;
			};
			name = Release;
		};
		4DBA52C22A8E746600080EEC /* Debug */ = {
			isa = XCBuildConfiguration;
			buildSettings = {
				ASSETCATALOG_COMPILER_APPICON_NAME = AppIcon;
				ASSETCATALOG_COMPILER_GLOBAL_ACCENT_COLOR_NAME = AccentColor;
				CODE_SIGN_STYLE = Automatic;
				CURRENT_PROJECT_VERSION = 1;
				DEVELOPMENT_TEAM = VC74QLS5AT;
				GENERATE_INFOPLIST_FILE = YES;
				INFOPLIST_FILE = RikAndMortyAPIUIKitSwiftUI/Info.plist;
				INFOPLIST_KEY_UIApplicationSupportsIndirectInputEvents = YES;
				INFOPLIST_KEY_UILaunchStoryboardName = LaunchScreen;
				INFOPLIST_KEY_UIMainStoryboardFile = Main;
				INFOPLIST_KEY_UISupportedInterfaceOrientations_iPad = "UIInterfaceOrientationPortrait UIInterfaceOrientationPortraitUpsideDown UIInterfaceOrientationLandscapeLeft UIInterfaceOrientationLandscapeRight";
				INFOPLIST_KEY_UISupportedInterfaceOrientations_iPhone = "UIInterfaceOrientationPortrait UIInterfaceOrientationLandscapeLeft UIInterfaceOrientationLandscapeRight";
				LD_RUNPATH_SEARCH_PATHS = (
					"$(inherited)",
					"@executable_path/Frameworks",
				);
				MARKETING_VERSION = 1.0;
				PRODUCT_BUNDLE_IDENTIFIER = com.my.RikAndMortyAPIUIKitSwiftUI;
				PRODUCT_NAME = "$(TARGET_NAME)";
				SWIFT_EMIT_LOC_STRINGS = YES;
				SWIFT_VERSION = 5.0;
				TARGETED_DEVICE_FAMILY = "1,2";
			};
			name = Debug;
		};
		4DBA52C32A8E746600080EEC /* Release */ = {
			isa = XCBuildConfiguration;
			buildSettings = {
				ASSETCATALOG_COMPILER_APPICON_NAME = AppIcon;
				ASSETCATALOG_COMPILER_GLOBAL_ACCENT_COLOR_NAME = AccentColor;
				CODE_SIGN_STYLE = Automatic;
				CURRENT_PROJECT_VERSION = 1;
				DEVELOPMENT_TEAM = VC74QLS5AT;
				GENERATE_INFOPLIST_FILE = YES;
				INFOPLIST_FILE = RikAndMortyAPIUIKitSwiftUI/Info.plist;
				INFOPLIST_KEY_UIApplicationSupportsIndirectInputEvents = YES;
				INFOPLIST_KEY_UILaunchStoryboardName = LaunchScreen;
				INFOPLIST_KEY_UIMainStoryboardFile = Main;
				INFOPLIST_KEY_UISupportedInterfaceOrientations_iPad = "UIInterfaceOrientationPortrait UIInterfaceOrientationPortraitUpsideDown UIInterfaceOrientationLandscapeLeft UIInterfaceOrientationLandscapeRight";
				INFOPLIST_KEY_UISupportedInterfaceOrientations_iPhone = "UIInterfaceOrientationPortrait UIInterfaceOrientationLandscapeLeft UIInterfaceOrientationLandscapeRight";
				LD_RUNPATH_SEARCH_PATHS = (
					"$(inherited)",
					"@executable_path/Frameworks",
				);
				MARKETING_VERSION = 1.0;
				PRODUCT_BUNDLE_IDENTIFIER = com.my.RikAndMortyAPIUIKitSwiftUI;
				PRODUCT_NAME = "$(TARGET_NAME)";
				SWIFT_EMIT_LOC_STRINGS = YES;
				SWIFT_VERSION = 5.0;
				TARGETED_DEVICE_FAMILY = "1,2";
			};
			name = Release;
		};
/* End XCBuildConfiguration section */

/* Begin XCConfigurationList section */
		4DBA52A82A8E746500080EEC /* Build configuration list for PBXProject "RikAndMortyAPIUIKitSwiftUI" */ = {
			isa = XCConfigurationList;
			buildConfigurations = (
				4DBA52BF2A8E746500080EEC /* Debug */,
				4DBA52C02A8E746500080EEC /* Release */,
			);
			defaultConfigurationIsVisible = 0;
			defaultConfigurationName = Release;
		};
		4DBA52C12A8E746600080EEC /* Build configuration list for PBXNativeTarget "RikAndMortyAPIUIKitSwiftUI" */ = {
			isa = XCConfigurationList;
			buildConfigurations = (
				4DBA52C22A8E746600080EEC /* Debug */,
				4DBA52C32A8E746600080EEC /* Release */,
			);
			defaultConfigurationIsVisible = 0;
			defaultConfigurationName = Release;
		};
/* End XCConfigurationList section */
	};
	rootObject = 4DBA52A52A8E746500080EEC /* Project object */;
}
